
Microsoft Visual Studio Solution File, Format Version 12.00
# Visual Studio 15
VisualStudioVersion = 15.0.28307.572
MinimumVisualStudioVersion = 10.0.40219.1
Project("{9A19103F-16F7-4668-BE54-9A1E7A4F7556}") = "FluentSQL", "src\FluentSQL\FluentSQL.csproj", "{800CCADC-4D2E-46B9-BBCA-615460EC0BE1}"
EndProject
Project("{9A19103F-16F7-4668-BE54-9A1E7A4F7556}") = "FluentSQL.Tests", "src\FluentSQL.Tests\FluentSQL.Tests.csproj", "{19D00F63-693F-4EFA-AA6C-B106291C9A6F}"
EndProject
Global
	GlobalSection(SolutionConfigurationPlatforms) = preSolution
		Debug|Any CPU = Debug|Any CPU
		Release|Any CPU = Release|Any CPU
	EndGlobalSection
	GlobalSection(ProjectConfigurationPlatforms) = postSolution
		{800CCADC-4D2E-46B9-BBCA-615460EC0BE1}.Debug|Any CPU.ActiveCfg = Debug|Any CPU
		{800CCADC-4D2E-46B9-BBCA-615460EC0BE1}.Debug|Any CPU.Build.0 = Debug|Any CPU
		{800CCADC-4D2E-46B9-BBCA-615460EC0BE1}.Release|Any CPU.ActiveCfg = Release|Any CPU
		{800CCADC-4D2E-46B9-BBCA-615460EC0BE1}.Release|Any CPU.Build.0 = Release|Any CPU
		{19D00F63-693F-4EFA-AA6C-B106291C9A6F}.Debug|Any CPU.ActiveCfg = Debug|Any CPU
		{19D00F63-693F-4EFA-AA6C-B106291C9A6F}.Debug|Any CPU.Build.0 = Debug|Any CPU
		{19D00F63-693F-4EFA-AA6C-B106291C9A6F}.Release|Any CPU.ActiveCfg = Release|Any CPU
		{19D00F63-693F-4EFA-AA6C-B106291C9A6F}.Release|Any CPU.Build.0 = Release|Any CPU
	EndGlobalSection
	GlobalSection(SolutionProperties) = preSolution
		HideSolutionNode = FALSE
	EndGlobalSection
	GlobalSection(ExtensibilityGlobals) = postSolution
		SolutionGuid = {3D4D5910-FD0C-4E31-8BB4-D618A300A761}
	EndGlobalSection
EndGlobal
